
Microsoft Visual Studio Solution File, Format Version 12.00
# Visual Studio Version 17
VisualStudioVersion = 17.14.36401.2 d17.14
MinimumVisualStudioVersion = 10.0.40219.1
Project("{FAE04EC0-301F-11D3-BF4B-00C04F79EFBC}") = "AHIOTAM_Api", "AHIOTAM_Api\AHIOTAM_Api.csproj", "{FB8A1B25-FFC1-424D-A300-53E0A9924699}"
EndProject
Project("{FAE04EC0-301F-11D3-BF4B-00C04F79EFBC}") = "AHIOTAM_UI", "AHIOTAM_UI\AHIOTAM_UI.csproj", "{D694AFFD-AF76-4E5A-9654-C981905DBE85}"
EndProject
Global
	GlobalSection(SolutionConfigurationPlatforms) = preSolution
		Debug|Any CPU = Debug|Any CPU
		Release|Any CPU = Release|Any CPU
	EndGlobalSection
	GlobalSection(ProjectConfigurationPlatforms) = postSolution
		{FB8A1B25-FFC1-424D-A300-53E0A9924699}.Debug|Any CPU.ActiveCfg = Debug|Any CPU
		{FB8A1B25-FFC1-424D-A300-53E0A9924699}.Debug|Any CPU.Build.0 = Debug|Any CPU
		{FB8A1B25-FFC1-424D-A300-53E0A9924699}.Release|Any CPU.ActiveCfg = Release|Any CPU
		{FB8A1B25-FFC1-424D-A300-53E0A9924699}.Release|Any CPU.Build.0 = Release|Any CPU
		{D694AFFD-AF76-4E5A-9654-C981905DBE85}.Debug|Any CPU.ActiveCfg = Debug|Any CPU
		{D694AFFD-AF76-4E5A-9654-C981905DBE85}.Debug|Any CPU.Build.0 = Debug|Any CPU
		{D694AFFD-AF76-4E5A-9654-C981905DBE85}.Release|Any CPU.ActiveCfg = Release|Any CPU
		{D694AFFD-AF76-4E5A-9654-C981905DBE85}.Release|Any CPU.Build.0 = Release|Any CPU
	EndGlobalSection
	GlobalSection(SolutionProperties) = preSolution
		HideSolutionNode = FALSE
	EndGlobalSection
	GlobalSection(ExtensibilityGlobals) = postSolution
		SolutionGuid = {2F9BF890-1808-4C4E-BC21-C2FE3C496C65}
	EndGlobalSection
EndGlobal
